
Microsoft Visual Studio Solution File, Format Version 12.00
# Visual Studio Version 17
VisualStudioVersion = 17.0.32014.148
MinimumVisualStudioVersion = 10.0.40219.1
Project("{9A19103F-16F7-4668-BE54-9A1E7A4F7556}") = "Discord.Net.Extensions", "Discord.Net.Extensions\Discord.Net.Extensions.csproj", "{462D040F-04FD-4FAA-A0D2-CE7208C770AC}"
EndProject
Project("{2150E333-8FDC-42A3-9474-1A3956D46DE8}") = "Samples", "Samples", "{2C0630D7-A545-417E-A091-F3C7E70D5B49}"
EndProject
Project("{9A19103F-16F7-4668-BE54-9A1E7A4F7556}") = "FactoryExample", "Samples\FactoryExample\FactoryExample.csproj", "{87619993-3956-4DD4-A852-264FBDBFF07B}"
EndProject
Project("{2150E333-8FDC-42A3-9474-1A3956D46DE8}") = "Source", "Source", "{07849581-EBC6-4C9C-B7D8-70097F8A2C28}"
EndProject
Global
	GlobalSection(SolutionConfigurationPlatforms) = preSolution
		Debug|Any CPU = Debug|Any CPU
		Release|Any CPU = Release|Any CPU
	EndGlobalSection
	GlobalSection(ProjectConfigurationPlatforms) = postSolution
		{462D040F-04FD-4FAA-A0D2-CE7208C770AC}.Debug|Any CPU.ActiveCfg = Debug|Any CPU
		{462D040F-04FD-4FAA-A0D2-CE7208C770AC}.Debug|Any CPU.Build.0 = Debug|Any CPU
		{462D040F-04FD-4FAA-A0D2-CE7208C770AC}.Release|Any CPU.ActiveCfg = Release|Any CPU
		{462D040F-04FD-4FAA-A0D2-CE7208C770AC}.Release|Any CPU.Build.0 = Release|Any CPU
		{87619993-3956-4DD4-A852-264FBDBFF07B}.Debug|Any CPU.ActiveCfg = Debug|Any CPU
		{87619993-3956-4DD4-A852-264FBDBFF07B}.Debug|Any CPU.Build.0 = Debug|Any CPU
		{87619993-3956-4DD4-A852-264FBDBFF07B}.Release|Any CPU.ActiveCfg = Release|Any CPU
		{87619993-3956-4DD4-A852-264FBDBFF07B}.Release|Any CPU.Build.0 = Release|Any CPU
	EndGlobalSection
	GlobalSection(SolutionProperties) = preSolution
		HideSolutionNode = FALSE
	EndGlobalSection
	GlobalSection(NestedProjects) = preSolution
		{462D040F-04FD-4FAA-A0D2-CE7208C770AC} = {07849581-EBC6-4C9C-B7D8-70097F8A2C28}
		{87619993-3956-4DD4-A852-264FBDBFF07B} = {2C0630D7-A545-417E-A091-F3C7E70D5B49}
	EndGlobalSection
	GlobalSection(ExtensibilityGlobals) = postSolution
		SolutionGuid = {CA537CDC-AF0E-4958-925F-DF71A0DB62EC}
	EndGlobalSection
EndGlobal
